
Microsoft Visual Studio Solution File, Format Version 12.00
# Visual Studio Version 16
VisualStudioVersion = 16.0.31515.178
MinimumVisualStudioVersion = 10.0.40219.1
Project("{FAE04EC0-301F-11D3-BF4B-00C04F79EFBC}") = "28Oct", "28Oct\28Oct.csproj", "{4CE61FA1-02FE-43FD-9461-FC145C3075F4}"
EndProject
Global
	GlobalSection(SolutionConfigurationPlatforms) = preSolution
		Debug|Any CPU = Debug|Any CPU
		Release|Any CPU = Release|Any CPU
	EndGlobalSection
	GlobalSection(ProjectConfigurationPlatforms) = postSolution
		{4CE61FA1-02FE-43FD-9461-FC145C3075F4}.Debug|Any CPU.ActiveCfg = Debug|Any CPU
		{4CE61FA1-02FE-43FD-9461-FC145C3075F4}.Debug|Any CPU.Build.0 = Debug|Any CPU
		{4CE61FA1-02FE-43FD-9461-FC145C3075F4}.Release|Any CPU.ActiveCfg = Release|Any CPU
		{4CE61FA1-02FE-43FD-9461-FC145C3075F4}.Release|Any CPU.Build.0 = Release|Any CPU
	EndGlobalSection
	GlobalSection(SolutionProperties) = preSolution
		HideSolutionNode = FALSE
	EndGlobalSection
	GlobalSection(ExtensibilityGlobals) = postSolution
		SolutionGuid = {F646498E-DD97-414C-A291-F7A955844802}
	EndGlobalSection
EndGlobal
